{
  "requires": true,
  "lockfileVersion": 1,
  "dependencies": {
    "@feathersjs/commons": {
      "version": "4.5.11",
      "resolved": "https://registry.npmjs.org/@feathersjs/commons/-/commons-4.5.11.tgz",
      "integrity": "sha512-it/9lc0OER36+2zidopWo6Z4xRqNImQ+qegyQdHEuIDpEsYLXAv6MVHuDccaW2x2UmW5pce75UB7DhQ8yh8J/Q=="
    },
    "@feathersjs/feathers": {
      "version": "4.5.11",
      "resolved": "https://registry.npmjs.org/@feathersjs/feathers/-/feathers-4.5.11.tgz",
      "integrity": "sha512-13zorhzi9eOwAW+l3oT4K8+CGCljpd9yPkx1XOZZyG5J1RSENWpPhgJ5Oe+qWw6Iqk768UBYp3+W1hLCQa6t2g==",
      "requires": {
        "@feathersjs/commons": "^4.5.11",
        "debug": "^4.3.1",
        "events": "^3.2.0",
        "uberproto": "^2.0.6"
      }
    },
    "debug": {
      "version": "4.3.2",
      "resolved": "https://registry.npmjs.org/debug/-/debug-4.3.2.tgz",
      "integrity": "sha512-mOp8wKcvj7XxC78zLgw/ZA+6TSgkoE2C/ienthhRD298T7UNwAg9diBpLRxC0mOezLl4B0xV7M0cCO6P/O0Xhw==",
      "requires": {
        "ms": "2.1.2"
      }
    },
    "events": {
      "version": "3.3.0",
      "resolved": "https://registry.npmjs.org/events/-/events-3.3.0.tgz",
      "integrity": "sha512-mQw+2fkQbALzQ7V0MY0IqdnXNOeTtP4r0lN9z7AAawCXgqea7bDii20AYrIBrFd/Hx0M2Ocz6S111CaFkUcb0Q=="
    },
    "ms": {
      "version": "2.1.2",
      "resolved": "https://registry.npmjs.org/ms/-/ms-2.1.2.tgz",
      "integrity": "sha512-sGkPx+VjMtmA6MX27oA4FBFELFCZZ4S4XqeGOXCv68tT+jb3vk/RyaKWP0PTKyWtmLSM0b+adUTEvbs1PEaH2w=="
    },
    "uberproto": {
      "version": "2.0.6",
      "resolved": "https://registry.npmjs.org/uberproto/-/uberproto-2.0.6.tgz",
      "integrity": "sha512-68H97HffZoFaa3HFtpstahWorN9dSp5uTU6jo3GjIQ6JkJBR3hC2Nx/e/HFOoYHdUyT/Z1MRWfxN1EiQJZUyCQ=="
    }
  }
}
